
Microsoft Visual Studio Solution File, Format Version 12.00
# Visual Studio 15
VisualStudioVersion = 15.0.28307.102
MinimumVisualStudioVersion = 10.0.40219.1
Project("{8BC9CEB8-8B4A-11D0-8D11-00A0C91BC942}") = "Test_407_LED15_CubeMX", "Test_407_LED15_CubeMX\Test_407_LED15_CubeMX.vcxproj", "{074A5F80-925D-4B68-9727-B0C79417DAD6}"
EndProject
Global
	GlobalSection(SolutionConfigurationPlatforms) = preSolution
		Debug|VisualGDB = Debug|VisualGDB
		Release|VisualGDB = Release|VisualGDB
	EndGlobalSection
	GlobalSection(ProjectConfigurationPlatforms) = postSolution
		{074A5F80-925D-4B68-9727-B0C79417DAD6}.Debug|VisualGDB.ActiveCfg = Debug|VisualGDB
		{074A5F80-925D-4B68-9727-B0C79417DAD6}.Debug|VisualGDB.Build.0 = Debug|VisualGDB
		{074A5F80-925D-4B68-9727-B0C79417DAD6}.Release|VisualGDB.ActiveCfg = Release|VisualGDB
		{074A5F80-925D-4B68-9727-B0C79417DAD6}.Release|VisualGDB.Build.0 = Release|VisualGDB
	EndGlobalSection
	GlobalSection(SolutionProperties) = preSolution
		HideSolutionNode = FALSE
	EndGlobalSection
	GlobalSection(ExtensibilityGlobals) = postSolution
		SolutionGuid = {14A6B08E-940F-469C-A0A2-F34050D17CEB}
	EndGlobalSection
EndGlobal
