<?xml version="1.0" encoding="utf-8"?>
<Project ToolsVersion="4.0" xmlns="http://schemas.microsoft.com/developer/msbuild/2003">
  <ItemGroup>
    <Filter Include="Source files">
      <UniqueIdentifier>{4efd4e02-eb4c-4bf1-83f3-87dd17988989}</UniqueIdentifier>
      <Extensions>cpp;c;cc;cxx;def;odl;idl;hpj;bat;asm;asmx</Extensions>
    </Filter>
    <Filter Include="Header files">
      <UniqueIdentifier>{3c12a7b9-a2af-460a-b0b5-231ea1a34122}</UniqueIdentifier>
      <Extensions>h;hpp;hxx;hm;inl;inc;xsd</Extensions>
    </Filter>
    <Filter Include="Resource files">
      <UniqueIdentifier>{f2dd1473-9038-44b9-98b5-1913238193c1}</UniqueIdentifier>
      <Extensions>rc;ico;cur;bmp;dlg;rc2;rct;bin;rgs;gif;jpg;jpeg;jpe;resx;tiff;tif;png;wav</Extensions>
    </Filter>
    <Filter Include="Source files\CORE">
      <UniqueIdentifier>{1f51c091-4368-43d4-9d67-daa0545d6ce1}</UniqueIdentifier>
    </Filter>
    <Filter Include="Source files\Startup">
      <UniqueIdentifier>{169c3d1e-5584-4eeb-b612-eb95c77252e3}</UniqueIdentifier>
    </Filter>
    <Filter Include="Source files\STM32Cube HAL">
      <UniqueIdentifier>{3ecf3bd1-eb6a-4bb6-a3c3-939878e59811}</UniqueIdentifier>
    </Filter>
    <Filter Include="Source files\STM32Cube HAL\COMMON">
      <UniqueIdentifier>{dc8e8042-34bc-44e9-8321-1c9b6ebd93f9}</UniqueIdentifier>
    </Filter>
    <Filter Include="Source files\STM32Cube HAL\RCC">
      <UniqueIdentifier>{4225b5ca-e2d5-43c1-b271-8103d8fae06c}</UniqueIdentifier>
    </Filter>
    <Filter Include="Source files\STM32Cube HAL\CORTEX">
      <UniqueIdentifier>{ed2fa342-d964-40e8-99ea-6f1a6a427afb}</UniqueIdentifier>
    </Filter>
    <Filter Include="Source files\STM32Cube HAL\TIM">
      <UniqueIdentifier>{6a9a4302-e4b7-4ae2-a1c1-05a72263df25}</UniqueIdentifier>
    </Filter>
    <Filter Include="Source files\STM32Cube HAL\DMA">
      <UniqueIdentifier>{d6aba797-1e24-46d3-8612-97b810123382}</UniqueIdentifier>
    </Filter>
    <Filter Include="Source files\STM32Cube HAL\PWR">
      <UniqueIdentifier>{2554e2e0-e212-4163-837f-fb4d85c4ea7b}</UniqueIdentifier>
    </Filter>
    <Filter Include="Source files\STM32Cube HAL\FLASH">
      <UniqueIdentifier>{321b7f74-f503-4ab0-81e3-8a4f19452f00}</UniqueIdentifier>
    </Filter>
    <Filter Include="Source files\STM32Cube HAL\GPIO">
      <UniqueIdentifier>{35dcab1b-ea33-4e30-b442-5a053f3914b9}</UniqueIdentifier>
    </Filter>
    <Filter Include="Source files\Device-specific files">
      <UniqueIdentifier>{5b69bb0b-7319-4bbd-b98c-fab879f90eba}</UniqueIdentifier>
    </Filter>
    <Filter Include="Header files\CORE">
      <UniqueIdentifier>{aebae775-a45d-4da0-987d-b1664fb4e02d}</UniqueIdentifier>
    </Filter>
    <Filter Include="Header files\Startup">
      <UniqueIdentifier>{0be08dbf-a47b-483a-98a2-711b3d44df99}</UniqueIdentifier>
    </Filter>
    <Filter Include="Header files\STM32Cube HAL">
      <UniqueIdentifier>{ba10be3a-0a87-4d72-8000-3fe5014468e5}</UniqueIdentifier>
    </Filter>
    <Filter Include="Header files\STM32Cube HAL\COMMON">
      <UniqueIdentifier>{4af90e8c-3695-4587-8f19-0f703bed62f3}</UniqueIdentifier>
    </Filter>
    <Filter Include="Header files\STM32Cube HAL\RCC">
      <UniqueIdentifier>{d3386c29-ee49-4626-8a16-ccb26a58872c}</UniqueIdentifier>
    </Filter>
    <Filter Include="Header files\STM32Cube HAL\CORTEX">
      <UniqueIdentifier>{37a5e6ce-2540-4ec5-9487-123df7fe5ed1}</UniqueIdentifier>
    </Filter>
    <Filter Include="Header files\STM32Cube HAL\TIM">
      <UniqueIdentifier>{55f71ac0-9c6a-4964-acbe-c9b86d98ffcb}</UniqueIdentifier>
    </Filter>
    <Filter Include="Header files\STM32Cube HAL\DMA">
      <UniqueIdentifier>{1d74f018-e79c-449b-ba03-3bffb51a0aa7}</UniqueIdentifier>
    </Filter>
    <Filter Include="Header files\STM32Cube HAL\PWR">
      <UniqueIdentifier>{3124d8f3-0b35-4e03-9ea5-e17b0395c9fa}</UniqueIdentifier>
    </Filter>
    <Filter Include="Header files\STM32Cube HAL\FLASH">
      <UniqueIdentifier>{b622b6fb-9b3e-499e-9884-9d6880f777ff}</UniqueIdentifier>
    </Filter>
    <Filter Include="Header files\STM32Cube HAL\GPIO">
      <UniqueIdentifier>{c75f6611-9acb-41d3-b307-82721a49b12c}</UniqueIdentifier>
    </Filter>
    <Filter Include="Header files\Device-specific files">
      <UniqueIdentifier>{ba9272b6-e3bc-4110-9e4a-72221d80c669}</UniqueIdentifier>
    </Filter>
    <Filter Include="VisualGDB settings">
      <UniqueIdentifier>{ace93d45-86cd-45a5-852d-5d94eb5332c5}</UniqueIdentifier>
    </Filter>
  </ItemGroup>
  <ItemGroup>
    <ClCompile Include="..\..\..\2 GIT STM32F103ZET6\Examples\Test_407_LED15_CubeMX\Src\stm32f4xx_it.c">
      <Filter>Source files</Filter>
    </ClCompile>
    <ClCompile Include="..\..\..\2 GIT STM32F103ZET6\Examples\Test_407_LED15_CubeMX\Src\stm32f4xx_hal_msp.c">
      <Filter>Source files</Filter>
    </ClCompile>
    <ClCompile Include="..\..\..\2 GIT STM32F103ZET6\Examples\Test_407_LED15_CubeMX\Src\main.c">
      <Filter>Source files</Filter>
    </ClCompile>
    <ClCompile Include="..\..\..\2 GIT STM32F103ZET6\Examples\Test_407_LED15_CubeMX\Drivers\CMSIS\Device\ST\STM32F4xx\Source\Templates\system_stm32f4xx.c">
      <Filter>Source files\Startup</Filter>
    </ClCompile>
    <ClCompile Include="..\..\..\2 GIT STM32F103ZET6\Examples\Test_407_LED15_CubeMX\Drivers\STM32F4xx_HAL_Driver\Src\stm32f4xx_hal.c">
      <Filter>Source files\STM32Cube HAL\COMMON</Filter>
    </ClCompile>
    <ClCompile Include="..\..\..\2 GIT STM32F103ZET6\Examples\Test_407_LED15_CubeMX\Drivers\STM32F4xx_HAL_Driver\Src\stm32f4xx_hal_rcc.c">
      <Filter>Source files\STM32Cube HAL\RCC</Filter>
    </ClCompile>
    <ClCompile Include="..\..\..\2 GIT STM32F103ZET6\Examples\Test_407_LED15_CubeMX\Drivers\STM32F4xx_HAL_Driver\Src\stm32f4xx_hal_rcc_ex.c">
      <Filter>Source files\STM32Cube HAL\RCC</Filter>
    </ClCompile>
    <ClCompile Include="..\..\..\2 GIT STM32F103ZET6\Examples\Test_407_LED15_CubeMX\Drivers\STM32F4xx_HAL_Driver\Src\stm32f4xx_hal_cortex.c">
      <Filter>Source files\STM32Cube HAL\CORTEX</Filter>
    </ClCompile>
    <ClCompile Include="..\..\..\2 GIT STM32F103ZET6\Examples\Test_407_LED15_CubeMX\Drivers\STM32F4xx_HAL_Driver\Src\stm32f4xx_hal_tim.c">
      <Filter>Source files\STM32Cube HAL\TIM</Filter>
    </ClCompile>
    <ClCompile Include="..\..\..\2 GIT STM32F103ZET6\Examples\Test_407_LED15_CubeMX\Drivers\STM32F4xx_HAL_Driver\Src\stm32f4xx_hal_tim_ex.c">
      <Filter>Source files\STM32Cube HAL\TIM</Filter>
    </ClCompile>
    <ClCompile Include="..\..\..\2 GIT STM32F103ZET6\Examples\Test_407_LED15_CubeMX\Drivers\STM32F4xx_HAL_Driver\Src\stm32f4xx_hal_dma_ex.c">
      <Filter>Source files\STM32Cube HAL\DMA</Filter>
    </ClCompile>
    <ClCompile Include="..\..\..\2 GIT STM32F103ZET6\Examples\Test_407_LED15_CubeMX\Drivers\STM32F4xx_HAL_Driver\Src\stm32f4xx_hal_dma.c">
      <Filter>Source files\STM32Cube HAL\DMA</Filter>
    </ClCompile>
    <ClCompile Include="..\..\..\2 GIT STM32F103ZET6\Examples\Test_407_LED15_CubeMX\Drivers\STM32F4xx_HAL_Driver\Src\stm32f4xx_hal_pwr.c">
      <Filter>Source files\STM32Cube HAL\PWR</Filter>
    </ClCompile>
    <ClCompile Include="..\..\..\2 GIT STM32F103ZET6\Examples\Test_407_LED15_CubeMX\Drivers\STM32F4xx_HAL_Driver\Src\stm32f4xx_hal_pwr_ex.c">
      <Filter>Source files\STM32Cube HAL\PWR</Filter>
    </ClCompile>
    <ClCompile Include="..\..\..\2 GIT STM32F103ZET6\Examples\Test_407_LED15_CubeMX\Drivers\STM32F4xx_HAL_Driver\Src\stm32f4xx_hal_flash.c">
      <Filter>Source files\STM32Cube HAL\FLASH</Filter>
    </ClCompile>
    <ClCompile Include="..\..\..\2 GIT STM32F103ZET6\Examples\Test_407_LED15_CubeMX\Drivers\STM32F4xx_HAL_Driver\Src\stm32f4xx_hal_flash_ex.c">
      <Filter>Source files\STM32Cube HAL\FLASH</Filter>
    </ClCompile>
    <ClCompile Include="..\..\..\2 GIT STM32F103ZET6\Examples\Test_407_LED15_CubeMX\Drivers\STM32F4xx_HAL_Driver\Src\stm32f4xx_hal_flash_ramfunc.c">
      <Filter>Source files\STM32Cube HAL\FLASH</Filter>
    </ClCompile>
    <ClCompile Include="..\..\..\2 GIT STM32F103ZET6\Examples\Test_407_LED15_CubeMX\Drivers\STM32F4xx_HAL_Driver\Src\stm32f4xx_hal_gpio.c">
      <Filter>Source files\STM32Cube HAL\GPIO</Filter>
    </ClCompile>
    <None Include="stm32.props">
      <Filter>Source files\Device-specific files</Filter>
    </None>
    <ClCompile Include="$(BSP_ROOT)\STM32F4xxxx\StartupFiles\startup_stm32f407xx.c">
      <Filter>Source files\Device-specific files</Filter>
    </ClCompile>
    <ClInclude Include="..\..\..\2 GIT STM32F103ZET6\Examples\Test_407_LED15_CubeMX\Inc\stm32f4xx_it.h">
      <Filter>Header files</Filter>
    </ClInclude>
    <ClInclude Include="..\..\..\2 GIT STM32F103ZET6\Examples\Test_407_LED15_CubeMX\Inc\stm32f4xx_hal_conf.h">
      <Filter>Header files</Filter>
    </ClInclude>
    <ClInclude Include="..\..\..\2 GIT STM32F103ZET6\Examples\Test_407_LED15_CubeMX\Inc\main.h">
      <Filter>Header files</Filter>
    </ClInclude>
    <ClInclude Include="..\..\..\2 GIT STM32F103ZET6\Examples\Test_407_LED15_CubeMX\Drivers\CMSIS\Include\core_cm4.h">
      <Filter>Header files\CORE</Filter>
    </ClInclude>
    <ClInclude Include="..\..\..\2 GIT STM32F103ZET6\Examples\Test_407_LED15_CubeMX\Drivers\CMSIS\Device\ST\STM32F4xx\Include\stm32f4xx.h">
      <Filter>Header files\Startup</Filter>
    </ClInclude>
    <ClInclude Include="..\..\..\2 GIT STM32F103ZET6\Examples\Test_407_LED15_CubeMX\Drivers\CMSIS\Device\ST\STM32F4xx\Include\system_stm32f4xx.h">
      <Filter>Header files\Startup</Filter>
    </ClInclude>
    <ClInclude Include="..\..\..\2 GIT STM32F103ZET6\Examples\Test_407_LED15_CubeMX\Drivers\STM32F4xx_HAL_Driver\Inc\stm32f4xx_hal.h">
      <Filter>Header files\STM32Cube HAL\COMMON</Filter>
    </ClInclude>
    <ClInclude Include="..\..\..\2 GIT STM32F103ZET6\Examples\Test_407_LED15_CubeMX\Drivers\STM32F4xx_HAL_Driver\Inc\Legacy\stm32_hal_legacy.h">
      <Filter>Header files\STM32Cube HAL\COMMON</Filter>
    </ClInclude>
    <ClInclude Include="..\..\..\2 GIT STM32F103ZET6\Examples\Test_407_LED15_CubeMX\Drivers\STM32F4xx_HAL_Driver\Inc\stm32f4xx_hal_def.h">
      <Filter>Header files\STM32Cube HAL\COMMON</Filter>
    </ClInclude>
    <ClInclude Include="..\..\..\2 GIT STM32F103ZET6\Examples\Test_407_LED15_CubeMX\Drivers\STM32F4xx_HAL_Driver\Inc\stm32f4xx_hal_rcc.h">
      <Filter>Header files\STM32Cube HAL\RCC</Filter>
    </ClInclude>
    <ClInclude Include="..\..\..\2 GIT STM32F103ZET6\Examples\Test_407_LED15_CubeMX\Drivers\STM32F4xx_HAL_Driver\Inc\stm32f4xx_hal_rcc_ex.h">
      <Filter>Header files\STM32Cube HAL\RCC</Filter>
    </ClInclude>
    <ClInclude Include="..\..\..\2 GIT STM32F103ZET6\Examples\Test_407_LED15_CubeMX\Drivers\STM32F4xx_HAL_Driver\Inc\stm32f4xx_hal_cortex.h">
      <Filter>Header files\STM32Cube HAL\CORTEX</Filter>
    </ClInclude>
    <ClInclude Include="..\..\..\2 GIT STM32F103ZET6\Examples\Test_407_LED15_CubeMX\Drivers\STM32F4xx_HAL_Driver\Inc\stm32f4xx_hal_tim.h">
      <Filter>Header files\STM32Cube HAL\TIM</Filter>
    </ClInclude>
    <ClInclude Include="..\..\..\2 GIT STM32F103ZET6\Examples\Test_407_LED15_CubeMX\Drivers\STM32F4xx_HAL_Driver\Inc\stm32f4xx_hal_tim_ex.h">
      <Filter>Header files\STM32Cube HAL\TIM</Filter>
    </ClInclude>
    <ClInclude Include="..\..\..\2 GIT STM32F103ZET6\Examples\Test_407_LED15_CubeMX\Drivers\STM32F4xx_HAL_Driver\Inc\stm32f4xx_hal_dma_ex.h">
      <Filter>Header files\STM32Cube HAL\DMA</Filter>
    </ClInclude>
    <ClInclude Include="..\..\..\2 GIT STM32F103ZET6\Examples\Test_407_LED15_CubeMX\Drivers\STM32F4xx_HAL_Driver\Inc\stm32f4xx_hal_dma.h">
      <Filter>Header files\STM32Cube HAL\DMA</Filter>
    </ClInclude>
    <ClInclude Include="..\..\..\2 GIT STM32F103ZET6\Examples\Test_407_LED15_CubeMX\Drivers\STM32F4xx_HAL_Driver\Inc\stm32f4xx_hal_pwr.h">
      <Filter>Header files\STM32Cube HAL\PWR</Filter>
    </ClInclude>
    <ClInclude Include="..\..\..\2 GIT STM32F103ZET6\Examples\Test_407_LED15_CubeMX\Drivers\STM32F4xx_HAL_Driver\Inc\stm32f4xx_hal_pwr_ex.h">
      <Filter>Header files\STM32Cube HAL\PWR</Filter>
    </ClInclude>
    <ClInclude Include="..\..\..\2 GIT STM32F103ZET6\Examples\Test_407_LED15_CubeMX\Drivers\STM32F4xx_HAL_Driver\Inc\stm32f4xx_hal_flash.h">
      <Filter>Header files\STM32Cube HAL\FLASH</Filter>
    </ClInclude>
    <ClInclude Include="..\..\..\2 GIT STM32F103ZET6\Examples\Test_407_LED15_CubeMX\Drivers\STM32F4xx_HAL_Driver\Inc\stm32f4xx_hal_flash_ex.h">
      <Filter>Header files\STM32Cube HAL\FLASH</Filter>
    </ClInclude>
    <ClInclude Include="..\..\..\2 GIT STM32F103ZET6\Examples\Test_407_LED15_CubeMX\Drivers\STM32F4xx_HAL_Driver\Inc\stm32f4xx_hal_flash_ramfunc.h">
      <Filter>Header files\STM32Cube HAL\FLASH</Filter>
    </ClInclude>
    <ClInclude Include="..\..\..\2 GIT STM32F103ZET6\Examples\Test_407_LED15_CubeMX\Drivers\STM32F4xx_HAL_Driver\Inc\stm32f4xx_hal_gpio.h">
      <Filter>Header files\STM32Cube HAL\GPIO</Filter>
    </ClInclude>
    <ClInclude Include="..\..\..\2 GIT STM32F103ZET6\Examples\Test_407_LED15_CubeMX\Drivers\STM32F4xx_HAL_Driver\Inc\stm32f4xx_hal_gpio_ex.h">
      <Filter>Header files\STM32Cube HAL\GPIO</Filter>
    </ClInclude>
    <None Include="Test_407_Led15_CubeMX-Debug.vgdbsettings">
      <Filter>VisualGDB settings</Filter>
    </None>
    <None Include="Test_407_Led15_CubeMX-Release.vgdbsettings">
      <Filter>VisualGDB settings</Filter>
    </None>
    <None Include="stm32.xml">
      <Filter>VisualGDB settings</Filter>
    </None>
  </ItemGroup>
</Project>