
Microsoft Visual Studio Solution File, Format Version 12.00
# Visual Studio 15
VisualStudioVersion = 15.0.28307.102
MinimumVisualStudioVersion = 10.0.40219.1
Project("{8BC9CEB8-8B4A-11D0-8D11-00A0C91BC942}") = "Test_407_LED14", "Test_407_LED14\Test_407_LED14.vcxproj", "{20B672F8-6A81-4218-8CB7-B471E0BEC8CE}"
EndProject
Global
	GlobalSection(SolutionConfigurationPlatforms) = preSolution
		Debug|VisualGDB = Debug|VisualGDB
		Release|VisualGDB = Release|VisualGDB
	EndGlobalSection
	GlobalSection(ProjectConfigurationPlatforms) = postSolution
		{20B672F8-6A81-4218-8CB7-B471E0BEC8CE}.Debug|VisualGDB.ActiveCfg = Debug|VisualGDB
		{20B672F8-6A81-4218-8CB7-B471E0BEC8CE}.Debug|VisualGDB.Build.0 = Debug|VisualGDB
		{20B672F8-6A81-4218-8CB7-B471E0BEC8CE}.Release|VisualGDB.ActiveCfg = Release|VisualGDB
		{20B672F8-6A81-4218-8CB7-B471E0BEC8CE}.Release|VisualGDB.Build.0 = Release|VisualGDB
	EndGlobalSection
	GlobalSection(SolutionProperties) = preSolution
		HideSolutionNode = FALSE
	EndGlobalSection
	GlobalSection(ExtensibilityGlobals) = postSolution
		SolutionGuid = {F1ED8426-659D-4BE8-A40A-174505C9CE48}
	EndGlobalSection
EndGlobal
