
Microsoft Visual Studio Solution File, Format Version 12.00
# Visual Studio 15
VisualStudioVersion = 15.0.28307.102
MinimumVisualStudioVersion = 10.0.40219.1
Project("{8BC9CEB8-8B4A-11D0-8D11-00A0C91BC942}") = "Test_407_Led15_CubeMX", "Test_407_Led15_CubeMX\Test_407_Led15_CubeMX.vcxproj", "{691CEC0F-1B5B-46BD-9800-7226E1D213B9}"
EndProject
Global
	GlobalSection(SolutionConfigurationPlatforms) = preSolution
		Debug|VisualGDB = Debug|VisualGDB
		Release|VisualGDB = Release|VisualGDB
	EndGlobalSection
	GlobalSection(ProjectConfigurationPlatforms) = postSolution
		{691CEC0F-1B5B-46BD-9800-7226E1D213B9}.Debug|VisualGDB.ActiveCfg = Debug|VisualGDB
		{691CEC0F-1B5B-46BD-9800-7226E1D213B9}.Debug|VisualGDB.Build.0 = Debug|VisualGDB
		{691CEC0F-1B5B-46BD-9800-7226E1D213B9}.Release|VisualGDB.ActiveCfg = Release|VisualGDB
		{691CEC0F-1B5B-46BD-9800-7226E1D213B9}.Release|VisualGDB.Build.0 = Release|VisualGDB
	EndGlobalSection
	GlobalSection(SolutionProperties) = preSolution
		HideSolutionNode = FALSE
	EndGlobalSection
	GlobalSection(ExtensibilityGlobals) = postSolution
		SolutionGuid = {B11BC6D1-008B-4C9C-B778-F19EC22E660A}
	EndGlobalSection
EndGlobal
